// !$*UTF8*$!
{
	archiveVersion = 1;
	classes = {
	};
	objectVersion = 56;
	objects = {

/* Begin PBXBuildFile section */
		3C5E78792BC0DC2E005301AE /* AppDelegate.swift in Sources */ = {isa = PBXBuildFile; fileRef = 3C5E78782BC0DC2E005301AE /* AppDelegate.swift */; };
		3C5E78822BC0DC2F005301AE /* Assets.xcassets in Resources */ = {isa = PBXBuildFile; fileRef = 3C5E78812BC0DC2F005301AE /* Assets.xcassets */; };
		3C5E78852BC0DC2F005301AE /* LaunchScreen.storyboard in Resources */ = {isa = PBXBuildFile; fileRef = 3C5E78832BC0DC2F005301AE /* LaunchScreen.storyboard */; };
		3C5E78962BC174CE005301AE /* TabBarController.swift in Sources */ = {isa = PBXBuildFile; fileRef = 3C5E78952BC174CE005301AE /* TabBarController.swift */; };
		3C5E78982BC1773A005301AE /* StartAppViewController.swift in Sources */ = {isa = PBXBuildFile; fileRef = 3C5E78972BC1773A005301AE /* StartAppViewController.swift */; };
		3C5E78A02BC1CCD9005301AE /* ProfileViewController.swift in Sources */ = {isa = PBXBuildFile; fileRef = 3C5E789F2BC1CCD9005301AE /* ProfileViewController.swift */; };
		3C5E78A22BC1CCE5005301AE /* DeliveryViewController.swift in Sources */ = {isa = PBXBuildFile; fileRef = 3C5E78A12BC1CCE5005301AE /* DeliveryViewController.swift */; };
		3C5E78A42BC1CCF5005301AE /* SalesViewController.swift in Sources */ = {isa = PBXBuildFile; fileRef = 3C5E78A32BC1CCF5005301AE /* SalesViewController.swift */; };
		3C5E78A62BC1CD01005301AE /* InventoryViewController.swift in Sources */ = {isa = PBXBuildFile; fileRef = 3C5E78A52BC1CD01005301AE /* InventoryViewController.swift */; };
		3C5E78A82BC1CD13005301AE /* HomeViewController.swift in Sources */ = {isa = PBXBuildFile; fileRef = 3C5E78A72BC1CD13005301AE /* HomeViewController.swift */; };
		3C5E78AB2BC1CD86005301AE /* RswiftLibrary in Frameworks */ = {isa = PBXBuildFile; productRef = 3C5E78AA2BC1CD86005301AE /* RswiftLibrary */; };
		3C5E78AD2BC1CD86005301AE /* rswift in Frameworks */ = {isa = PBXBuildFile; productRef = 3C5E78AC2BC1CD86005301AE /* rswift */; };
		3C5E78B22BC1EFDF005301AE /* StartApplicationViewModel.swift in Sources */ = {isa = PBXBuildFile; fileRef = 3C5E78B12BC1EFDF005301AE /* StartApplicationViewModel.swift */; };
		3C5E78B52BC1F10F005301AE /* StartApplicationView.swift in Sources */ = {isa = PBXBuildFile; fileRef = 3C5E78B42BC1F10F005301AE /* StartApplicationView.swift */; };
		3C5E78CD2BC1F786005301AE /* loc.strings in Resources */ = {isa = PBXBuildFile; fileRef = 3C5E78CF2BC1F786005301AE /* loc.strings */; };
		3C5E78D72BC226AC005301AE /* InventoryView.swift in Sources */ = {isa = PBXBuildFile; fileRef = 3C5E78D62BC226AC005301AE /* InventoryView.swift */; };
		3C5E78DA2BC226DE005301AE /* SalesView.swift in Sources */ = {isa = PBXBuildFile; fileRef = 3C5E78D92BC226DE005301AE /* SalesView.swift */; };
		3C5E78DD2BC2312A005301AE /* AppConstants.swift in Sources */ = {isa = PBXBuildFile; fileRef = 3C5E78DC2BC2312A005301AE /* AppConstants.swift */; };
		3C5E78DF2BC23390005301AE /* DeliveryView.swift in Sources */ = {isa = PBXBuildFile; fileRef = 3C5E78DE2BC23390005301AE /* DeliveryView.swift */; };
		3C5E78E22BC233CA005301AE /* PofileView.swift in Sources */ = {isa = PBXBuildFile; fileRef = 3C5E78E12BC233CA005301AE /* PofileView.swift */; };
		3C5E78E42BC233E7005301AE /* HomeView.swift in Sources */ = {isa = PBXBuildFile; fileRef = 3C5E78E32BC233E7005301AE /* HomeView.swift */; };
		3C5E78E62BC23DA2005301AE /* ActivateP2PCell.swift in Sources */ = {isa = PBXBuildFile; fileRef = 3C5E78E52BC23DA2005301AE /* ActivateP2PCell.swift */; };
		3C5E78E92BC23EA8005301AE /* SaleSkinCell.swift in Sources */ = {isa = PBXBuildFile; fileRef = 3C5E78E82BC23EA8005301AE /* SaleSkinCell.swift */; };
		3C5E78ED2BC2C735005301AE /* SkinImageScrollCell.swift in Sources */ = {isa = PBXBuildFile; fileRef = 3C5E78EC2BC2C735005301AE /* SkinImageScrollCell.swift */; };
		3C5E78F22BC341FD005301AE /* TwoColumnFlowLayout.swift in Sources */ = {isa = PBXBuildFile; fileRef = 3C5E78F12BC341FD005301AE /* TwoColumnFlowLayout.swift */; };
		3C5E78F92BC3651E005301AE /* PaddingLable.swift in Sources */ = {isa = PBXBuildFile; fileRef = 3C5E78F82BC3651E005301AE /* PaddingLable.swift */; };
		3C5E78FB2BC36EC1005301AE /* HomeViewModel.swift in Sources */ = {isa = PBXBuildFile; fileRef = 3C5E78FA2BC36EC1005301AE /* HomeViewModel.swift */; };
/* End PBXBuildFile section */

/* Begin PBXFileReference section */
		3C5E78752BC0DC2E005301AE /* WaxpeerTest.app */ = {isa = PBXFileReference; explicitFileType = wrapper.application; includeInIndex = 0; path = WaxpeerTest.app; sourceTree = BUILT_PRODUCTS_DIR; };
		3C5E78782BC0DC2E005301AE /* AppDelegate.swift */ = {isa = PBXFileReference; lastKnownFileType = sourcecode.swift; path = AppDelegate.swift; sourceTree = "<group>"; };
		3C5E78812BC0DC2F005301AE /* Assets.xcassets */ = {isa = PBXFileReference; lastKnownFileType = folder.assetcatalog; path = Assets.xcassets; sourceTree = "<group>"; };
		3C5E78842BC0DC2F005301AE /* Base */ = {isa = PBXFileReference; lastKnownFileType = file.storyboard; name = Base; path = Base.lproj/LaunchScreen.storyboard; sourceTree = "<group>"; };
		3C5E78862BC0DC2F005301AE /* Info.plist */ = {isa = PBXFileReference; lastKnownFileType = text.plist.xml; path = Info.plist; sourceTree = "<group>"; };
		3C5E78932BC0DCCD005301AE /* ru */ = {isa = PBXFileReference; lastKnownFileType = text.plist.strings; name = ru; path = ru.lproj/LaunchScreen.strings; sourceTree = "<group>"; };
		3C5E78952BC174CE005301AE /* TabBarController.swift */ = {isa = PBXFileReference; lastKnownFileType = sourcecode.swift; path = TabBarController.swift; sourceTree = "<group>"; };
		3C5E78972BC1773A005301AE /* StartAppViewController.swift */ = {isa = PBXFileReference; lastKnownFileType = sourcecode.swift; path = StartAppViewController.swift; sourceTree = "<group>"; };
		3C5E789F2BC1CCD9005301AE /* ProfileViewController.swift */ = {isa = PBXFileReference; lastKnownFileType = sourcecode.swift; path = ProfileViewController.swift; sourceTree = "<group>"; };
		3C5E78A12BC1CCE5005301AE /* DeliveryViewController.swift */ = {isa = PBXFileReference; lastKnownFileType = sourcecode.swift; path = DeliveryViewController.swift; sourceTree = "<group>"; };
		3C5E78A32BC1CCF5005301AE /* SalesViewController.swift */ = {isa = PBXFileReference; lastKnownFileType = sourcecode.swift; path = SalesViewController.swift; sourceTree = "<group>"; };
		3C5E78A52BC1CD01005301AE /* InventoryViewController.swift */ = {isa = PBXFileReference; lastKnownFileType = sourcecode.swift; path = InventoryViewController.swift; sourceTree = "<group>"; };
		3C5E78A72BC1CD13005301AE /* HomeViewController.swift */ = {isa = PBXFileReference; lastKnownFileType = sourcecode.swift; path = HomeViewController.swift; sourceTree = "<group>"; };
		3C5E78B12BC1EFDF005301AE /* StartApplicationViewModel.swift */ = {isa = PBXFileReference; lastKnownFileType = sourcecode.swift; path = StartApplicationViewModel.swift; sourceTree = "<group>"; };
		3C5E78B42BC1F10F005301AE /* StartApplicationView.swift */ = {isa = PBXFileReference; lastKnownFileType = sourcecode.swift; path = StartApplicationView.swift; sourceTree = "<group>"; };
		3C5E78CE2BC1F786005301AE /* en */ = {isa = PBXFileReference; lastKnownFileType = text.plist.strings; name = en; path = en.lproj/loc.strings; sourceTree = "<group>"; };
		3C5E78D02BC1F788005301AE /* ru */ = {isa = PBXFileReference; lastKnownFileType = text.plist.strings; name = ru; path = ru.lproj/loc.strings; sourceTree = "<group>"; };
		3C5E78D62BC226AC005301AE /* InventoryView.swift */ = {isa = PBXFileReference; lastKnownFileType = sourcecode.swift; path = InventoryView.swift; sourceTree = "<group>"; };
		3C5E78D92BC226DE005301AE /* SalesView.swift */ = {isa = PBXFileReference; lastKnownFileType = sourcecode.swift; path = SalesView.swift; sourceTree = "<group>"; };
		3C5E78DC2BC2312A005301AE /* AppConstants.swift */ = {isa = PBXFileReference; lastKnownFileType = sourcecode.swift; path = AppConstants.swift; sourceTree = "<group>"; };
		3C5E78DE2BC23390005301AE /* DeliveryView.swift */ = {isa = PBXFileReference; lastKnownFileType = sourcecode.swift; path = DeliveryView.swift; sourceTree = "<group>"; };
		3C5E78E12BC233CA005301AE /* PofileView.swift */ = {isa = PBXFileReference; lastKnownFileType = sourcecode.swift; path = PofileView.swift; sourceTree = "<group>"; };
		3C5E78E32BC233E7005301AE /* HomeView.swift */ = {isa = PBXFileReference; lastKnownFileType = sourcecode.swift; path = HomeView.swift; sourceTree = "<group>"; };
		3C5E78E52BC23DA2005301AE /* ActivateP2PCell.swift */ = {isa = PBXFileReference; lastKnownFileType = sourcecode.swift; path = ActivateP2PCell.swift; sourceTree = "<group>"; };
		3C5E78E82BC23EA8005301AE /* SaleSkinCell.swift */ = {isa = PBXFileReference; lastKnownFileType = sourcecode.swift; path = SaleSkinCell.swift; sourceTree = "<group>"; };
		3C5E78EC2BC2C735005301AE /* SkinImageScrollCell.swift */ = {isa = PBXFileReference; lastKnownFileType = sourcecode.swift; path = SkinImageScrollCell.swift; sourceTree = "<group>"; };
		3C5E78F12BC341FD005301AE /* TwoColumnFlowLayout.swift */ = {isa = PBXFileReference; lastKnownFileType = sourcecode.swift; path = TwoColumnFlowLayout.swift; sourceTree = "<group>"; };
		3C5E78F82BC3651E005301AE /* PaddingLable.swift */ = {isa = PBXFileReference; lastKnownFileType = sourcecode.swift; path = PaddingLable.swift; sourceTree = "<group>"; };
		3C5E78FA2BC36EC1005301AE /* HomeViewModel.swift */ = {isa = PBXFileReference; lastKnownFileType = sourcecode.swift; path = HomeViewModel.swift; sourceTree = "<group>"; };
/* End PBXFileReference section */

/* Begin PBXFrameworksBuildPhase section */
		3C5E78722BC0DC2E005301AE /* Frameworks */ = {
			isa = PBXFrameworksBuildPhase;
			buildActionMask = 2147483647;
			files = (
				3C5E78AB2BC1CD86005301AE /* RswiftLibrary in Frameworks */,
				3C5E78AD2BC1CD86005301AE /* rswift in Frameworks */,
			);
			runOnlyForDeploymentPostprocessing = 0;
		};
/* End PBXFrameworksBuildPhase section */

/* Begin PBXGroup section */
		3C5E786C2BC0DC2E005301AE = {
			isa = PBXGroup;
			children = (
				3C5E78772BC0DC2E005301AE /* WaxpeerTest */,
				3C5E78762BC0DC2E005301AE /* Products */,
			);
			sourceTree = "<group>";
		};
		3C5E78762BC0DC2E005301AE /* Products */ = {
			isa = PBXGroup;
			children = (
				3C5E78752BC0DC2E005301AE /* WaxpeerTest.app */,
			);
			name = Products;
			sourceTree = "<group>";
		};
		3C5E78772BC0DC2E005301AE /* WaxpeerTest */ = {
			isa = PBXGroup;
			children = (
				3C5E78782BC0DC2E005301AE /* AppDelegate.swift */,
				3C5E78862BC0DC2F005301AE /* Info.plist */,
				3C5E78922BC0DC4B005301AE /* ThirdParty */,
				3C5E78912BC0DC49005301AE /* Extensions */,
				3C5E78902BC0DC47005301AE /* Common */,
				3C5E788E2BC0DC43005301AE /* Model */,
				3C5E788D2BC0DC40005301AE /* Utilities */,
				3C5E788F2BC0DC45005301AE /* ViewControllers */,
				3C5E788C2BC0DC3A005301AE /* Resources */,
			);
			path = WaxpeerTest;
			sourceTree = "<group>";
		};
		3C5E788C2BC0DC3A005301AE /* Resources */ = {
			isa = PBXGroup;
			children = (
				3C5E78812BC0DC2F005301AE /* Assets.xcassets */,
				3C5E78832BC0DC2F005301AE /* LaunchScreen.storyboard */,
				3C5E78CF2BC1F786005301AE /* loc.strings */,
			);
			path = Resources;
			sourceTree = "<group>";
		};
		3C5E788D2BC0DC40005301AE /* Utilities */ = {
			isa = PBXGroup;
			children = (
				3C5E78DC2BC2312A005301AE /* AppConstants.swift */,
			);
			path = Utilities;
			sourceTree = "<group>";
		};
		3C5E788E2BC0DC43005301AE /* Model */ = {
			isa = PBXGroup;
			children = (
			);
			path = Model;
			sourceTree = "<group>";
		};
		3C5E788F2BC0DC45005301AE /* ViewControllers */ = {
			isa = PBXGroup;
			children = (
				3C5E789E2BC178AD005301AE /* Profile */,
				3C5E789D2BC178A5005301AE /* Delivery */,
				3C5E789C2BC17898005301AE /* Sales */,
				3C5E789B2BC17890005301AE /* Inventory */,
				3C5E789A2BC17882005301AE /* Home */,
				3C5E78992BC1773E005301AE /* StartApplication */,
				3C5E78942BC174B4005301AE /* TabBar */,
			);
			path = ViewControllers;
			sourceTree = "<group>";
		};
		3C5E78902BC0DC47005301AE /* Common */ = {
			isa = PBXGroup;
			children = (
				3C5E78F82BC3651E005301AE /* PaddingLable.swift */,
			);
			path = Common;
			sourceTree = "<group>";
		};
		3C5E78912BC0DC49005301AE /* Extensions */ = {
			isa = PBXGroup;
			children = (
			);
			path = Extensions;
			sourceTree = "<group>";
		};
		3C5E78922BC0DC4B005301AE /* ThirdParty */ = {
			isa = PBXGroup;
			children = (
			);
			path = ThirdParty;
			sourceTree = "<group>";
		};
		3C5E78942BC174B4005301AE /* TabBar */ = {
			isa = PBXGroup;
			children = (
				3C5E78952BC174CE005301AE /* TabBarController.swift */,
			);
			path = TabBar;
			sourceTree = "<group>";
		};
		3C5E78992BC1773E005301AE /* StartApplication */ = {
			isa = PBXGroup;
			children = (
				3C5E78972BC1773A005301AE /* StartAppViewController.swift */,
				3C5E78B12BC1EFDF005301AE /* StartApplicationViewModel.swift */,
				3C5E78B42BC1F10F005301AE /* StartApplicationView.swift */,
			);
			path = StartApplication;
			sourceTree = "<group>";
		};
		3C5E789A2BC17882005301AE /* Home */ = {
			isa = PBXGroup;
			children = (
				3C5E78A72BC1CD13005301AE /* HomeViewController.swift */,
				3C5E78FA2BC36EC1005301AE /* HomeViewModel.swift */,
				3C5E78E32BC233E7005301AE /* HomeView.swift */,
				3C5E78EB2BC2C71A005301AE /* Subivews */,
				3C5E78EA2BC23EAC005301AE /* Cell */,
			);
			path = Home;
			sourceTree = "<group>";
		};
		3C5E789B2BC17890005301AE /* Inventory */ = {
			isa = PBXGroup;
			children = (
				3C5E78A52BC1CD01005301AE /* InventoryViewController.swift */,
				3C5E78D62BC226AC005301AE /* InventoryView.swift */,
			);
			path = Inventory;
			sourceTree = "<group>";
		};
		3C5E789C2BC17898005301AE /* Sales */ = {
			isa = PBXGroup;
			children = (
				3C5E78A32BC1CCF5005301AE /* SalesViewController.swift */,
				3C5E78D92BC226DE005301AE /* SalesView.swift */,
			);
			path = Sales;
			sourceTree = "<group>";
		};
		3C5E789D2BC178A5005301AE /* Delivery */ = {
			isa = PBXGroup;
			children = (
				3C5E78A12BC1CCE5005301AE /* DeliveryViewController.swift */,
				3C5E78DE2BC23390005301AE /* DeliveryView.swift */,
			);
			path = Delivery;
			sourceTree = "<group>";
		};
		3C5E789E2BC178AD005301AE /* Profile */ = {
			isa = PBXGroup;
			children = (
				3C5E789F2BC1CCD9005301AE /* ProfileViewController.swift */,
				3C5E78E12BC233CA005301AE /* PofileView.swift */,
			);
			path = Profile;
			sourceTree = "<group>";
		};
		3C5E78EA2BC23EAC005301AE /* Cell */ = {
			isa = PBXGroup;
			children = (
				3C5E78E52BC23DA2005301AE /* ActivateP2PCell.swift */,
				3C5E78E82BC23EA8005301AE /* SaleSkinCell.swift */,
				3C5E78EC2BC2C735005301AE /* SkinImageScrollCell.swift */,
			);
			path = Cell;
			sourceTree = "<group>";
		};
		3C5E78EB2BC2C71A005301AE /* Subivews */ = {
			isa = PBXGroup;
			children = (
				3C5E78F12BC341FD005301AE /* TwoColumnFlowLayout.swift */,
			);
			path = Subivews;
			sourceTree = "<group>";
		};
/* End PBXGroup section */

/* Begin PBXNativeTarget section */
		3C5E78742BC0DC2E005301AE /* WaxpeerTest */ = {
			isa = PBXNativeTarget;
			buildConfigurationList = 3C5E78892BC0DC2F005301AE /* Build configuration list for PBXNativeTarget "WaxpeerTest" */;
			buildPhases = (
				3C5E78712BC0DC2E005301AE /* Sources */,
				3C5E78722BC0DC2E005301AE /* Frameworks */,
				3C5E78732BC0DC2E005301AE /* Resources */,
			);
			buildRules = (
			);
			dependencies = (
				3C5E78AF2BC1E821005301AE /* PBXTargetDependency */,
			);
			name = WaxpeerTest;
			packageProductDependencies = (
				3C5E78AA2BC1CD86005301AE /* RswiftLibrary */,
				3C5E78AC2BC1CD86005301AE /* rswift */,
			);
			productName = WaxpeerTest;
			productReference = 3C5E78752BC0DC2E005301AE /* WaxpeerTest.app */;
			productType = "com.apple.product-type.application";
		};
/* End PBXNativeTarget section */

/* Begin PBXProject section */
		3C5E786D2BC0DC2E005301AE /* Project object */ = {
			isa = PBXProject;
			attributes = {
				BuildIndependentTargetsInParallel = 1;
				LastSwiftUpdateCheck = 1500;
				LastUpgradeCheck = 1500;
				TargetAttributes = {
					3C5E78742BC0DC2E005301AE = {
						CreatedOnToolsVersion = 15.0;
					};
				};
			};
			buildConfigurationList = 3C5E78702BC0DC2E005301AE /* Build configuration list for PBXProject "WaxpeerTest" */;
			compatibilityVersion = "Xcode 14.0";
			developmentRegion = en;
			hasScannedForEncodings = 0;
			knownRegions = (
				en,
				Base,
				ru,
			);
			mainGroup = 3C5E786C2BC0DC2E005301AE;
			packageReferences = (
				3C5E78A92BC1CD86005301AE /* XCRemoteSwiftPackageReference "R" */,
			);
			productRefGroup = 3C5E78762BC0DC2E005301AE /* Products */;
			projectDirPath = "";
			projectRoot = "";
			targets = (
				3C5E78742BC0DC2E005301AE /* WaxpeerTest */,
			);
		};
/* End PBXProject section */

/* Begin PBXResourcesBuildPhase section */
		3C5E78732BC0DC2E005301AE /* Resources */ = {
			isa = PBXResourcesBuildPhase;
			buildActionMask = 2147483647;
			files = (
				3C5E78852BC0DC2F005301AE /* LaunchScreen.storyboard in Resources */,
				3C5E78CD2BC1F786005301AE /* loc.strings in Resources */,
				3C5E78822BC0DC2F005301AE /* Assets.xcassets in Resources */,
			);
			runOnlyForDeploymentPostprocessing = 0;
		};
/* End PBXResourcesBuildPhase section */

/* Begin PBXSourcesBuildPhase section */
		3C5E78712BC0DC2E005301AE /* Sources */ = {
			isa = PBXSourcesBuildPhase;
			buildActionMask = 2147483647;
			files = (
				3C5E78E62BC23DA2005301AE /* ActivateP2PCell.swift in Sources */,
				3C5E78FB2BC36EC1005301AE /* HomeViewModel.swift in Sources */,
				3C5E78DF2BC23390005301AE /* DeliveryView.swift in Sources */,
				3C5E78B52BC1F10F005301AE /* StartApplicationView.swift in Sources */,
				3C5E78A62BC1CD01005301AE /* InventoryViewController.swift in Sources */,
				3C5E78D72BC226AC005301AE /* InventoryView.swift in Sources */,
				3C5E78982BC1773A005301AE /* StartAppViewController.swift in Sources */,
				3C5E78A42BC1CCF5005301AE /* SalesViewController.swift in Sources */,
				3C5E78A82BC1CD13005301AE /* HomeViewController.swift in Sources */,
				3C5E78962BC174CE005301AE /* TabBarController.swift in Sources */,
				3C5E78A22BC1CCE5005301AE /* DeliveryViewController.swift in Sources */,
				3C5E78A02BC1CCD9005301AE /* ProfileViewController.swift in Sources */,
				3C5E78F22BC341FD005301AE /* TwoColumnFlowLayout.swift in Sources */,
				3C5E78ED2BC2C735005301AE /* SkinImageScrollCell.swift in Sources */,
				3C5E78E22BC233CA005301AE /* PofileView.swift in Sources */,
				3C5E78B22BC1EFDF005301AE /* StartApplicationViewModel.swift in Sources */,
				3C5E78DD2BC2312A005301AE /* AppConstants.swift in Sources */,
				3C5E78E42BC233E7005301AE /* HomeView.swift in Sources */,
				3C5E78E92BC23EA8005301AE /* SaleSkinCell.swift in Sources */,
				3C5E78F92BC3651E005301AE /* PaddingLable.swift in Sources */,
				3C5E78DA2BC226DE005301AE /* SalesView.swift in Sources */,
				3C5E78792BC0DC2E005301AE /* AppDelegate.swift in Sources */,
			);
			runOnlyForDeploymentPostprocessing = 0;
		};
/* End PBXSourcesBuildPhase section */

/* Begin PBXTargetDependency section */
		3C5E78AF2BC1E821005301AE /* PBXTargetDependency */ = {
			isa = PBXTargetDependency;
			productRef = 3C5E78AE2BC1E821005301AE /* RswiftGenerateInternalResources */;
		};
/* End PBXTargetDependency section */

/* Begin PBXVariantGroup section */
		3C5E78832BC0DC2F005301AE /* LaunchScreen.storyboard */ = {
			isa = PBXVariantGroup;
			children = (
				3C5E78842BC0DC2F005301AE /* Base */,
				3C5E78932BC0DCCD005301AE /* ru */,
			);
			name = LaunchScreen.storyboard;
			sourceTree = "<group>";
		};
		3C5E78CF2BC1F786005301AE /* loc.strings */ = {
			isa = PBXVariantGroup;
			children = (
				3C5E78CE2BC1F786005301AE /* en */,
				3C5E78D02BC1F788005301AE /* ru */,
			);
			name = loc.strings;
			sourceTree = "<group>";
		};
/* End PBXVariantGroup section */

/* Begin XCBuildConfiguration section */
		3C5E78872BC0DC2F005301AE /* Debug */ = {
			isa = XCBuildConfiguration;
			buildSettings = {
				ALWAYS_SEARCH_USER_PATHS = NO;
				ASSETCATALOG_COMPILER_GENERATE_SWIFT_ASSET_SYMBOL_EXTENSIONS = YES;
				CLANG_ANALYZER_LOCALIZABILITY_NONLOCALIZED = YES;
				CLANG_ANALYZER_NONNULL = YES;
				CLANG_ANALYZER_NUMBER_OBJECT_CONVERSION = YES_AGGRESSIVE;
				CLANG_CXX_LANGUAGE_STANDARD = "gnu++20";
				CLANG_ENABLE_MODULES = YES;
				CLANG_ENABLE_OBJC_ARC = YES;
				CLANG_ENABLE_OBJC_WEAK = YES;
				CLANG_WARN_BLOCK_CAPTURE_AUTORELEASING = YES;
				CLANG_WARN_BOOL_CONVERSION = YES;
				CLANG_WARN_COMMA = YES;
				CLANG_WARN_CONSTANT_CONVERSION = YES;
				CLANG_WARN_DEPRECATED_OBJC_IMPLEMENTATIONS = YES;
				CLANG_WARN_DIRECT_OBJC_ISA_USAGE = YES_ERROR;
				CLANG_WARN_DOCUMENTATION_COMMENTS = YES;
				CLANG_WARN_EMPTY_BODY = YES;
				CLANG_WARN_ENUM_CONVERSION = YES;
				CLANG_WARN_INFINITE_RECURSION = YES;
				CLANG_WARN_INT_CONVERSION = YES;
				CLANG_WARN_NON_LITERAL_NULL_CONVERSION = YES;
				CLANG_WARN_OBJC_IMPLICIT_RETAIN_SELF = YES;
				CLANG_WARN_OBJC_LITERAL_CONVERSION = YES;
				CLANG_WARN_OBJC_ROOT_CLASS = YES_ERROR;
				CLANG_WARN_QUOTED_INCLUDE_IN_FRAMEWORK_HEADER = YES;
				CLANG_WARN_RANGE_LOOP_ANALYSIS = YES;
				CLANG_WARN_STRICT_PROTOTYPES = YES;
				CLANG_WARN_SUSPICIOUS_MOVE = YES;
				CLANG_WARN_UNGUARDED_AVAILABILITY = YES_AGGRESSIVE;
				CLANG_WARN_UNREACHABLE_CODE = YES;
				CLANG_WARN__DUPLICATE_METHOD_MATCH = YES;
				COPY_PHASE_STRIP = NO;
				DEBUG_INFORMATION_FORMAT = dwarf;
				ENABLE_STRICT_OBJC_MSGSEND = YES;
				ENABLE_TESTABILITY = YES;
				ENABLE_USER_SCRIPT_SANDBOXING = YES;
				GCC_C_LANGUAGE_STANDARD = gnu17;
				GCC_DYNAMIC_NO_PIC = NO;
				GCC_NO_COMMON_BLOCKS = YES;
				GCC_OPTIMIZATION_LEVEL = 0;
				GCC_PREPROCESSOR_DEFINITIONS = (
					"DEBUG=1",
					"$(inherited)",
				);
				GCC_WARN_64_TO_32_BIT_CONVERSION = YES;
				GCC_WARN_ABOUT_RETURN_TYPE = YES_ERROR;
				GCC_WARN_UNDECLARED_SELECTOR = YES;
				GCC_WARN_UNINITIALIZED_AUTOS = YES_AGGRESSIVE;
				GCC_WARN_UNUSED_FUNCTION = YES;
				GCC_WARN_UNUSED_VARIABLE = YES;
				IPHONEOS_DEPLOYMENT_TARGET = 17.0;
				LOCALIZATION_PREFERS_STRING_CATALOGS = YES;
				MTL_ENABLE_DEBUG_INFO = INCLUDE_SOURCE;
				MTL_FAST_MATH = YES;
				ONLY_ACTIVE_ARCH = YES;
				SDKROOT = iphoneos;
				SWIFT_ACTIVE_COMPILATION_CONDITIONS = "DEBUG $(inherited)";
				SWIFT_OPTIMIZATION_LEVEL = "-Onone";
			};
			name = Debug;
		};
		3C5E78882BC0DC2F005301AE /* Release */ = {
			isa = XCBuildConfiguration;
			buildSettings = {
				ALWAYS_SEARCH_USER_PATHS = NO;
				ASSETCATALOG_COMPILER_GENERATE_SWIFT_ASSET_SYMBOL_EXTENSIONS = YES;
				CLANG_ANALYZER_LOCALIZABILITY_NONLOCALIZED = YES;
				CLANG_ANALYZER_NONNULL = YES;
				CLANG_ANALYZER_NUMBER_OBJECT_CONVERSION = YES_AGGRESSIVE;
				CLANG_CXX_LANGUAGE_STANDARD = "gnu++20";
				CLANG_ENABLE_MODULES = YES;
				CLANG_ENABLE_OBJC_ARC = YES;
				CLANG_ENABLE_OBJC_WEAK = YES;
				CLANG_WARN_BLOCK_CAPTURE_AUTORELEASING = YES;
				CLANG_WARN_BOOL_CONVERSION = YES;
				CLANG_WARN_COMMA = YES;
				CLANG_WARN_CONSTANT_CONVERSION = YES;
				CLANG_WARN_DEPRECATED_OBJC_IMPLEMENTATIONS = YES;
				CLANG_WARN_DIRECT_OBJC_ISA_USAGE = YES_ERROR;
				CLANG_WARN_DOCUMENTATION_COMMENTS = YES;
				CLANG_WARN_EMPTY_BODY = YES;
				CLANG_WARN_ENUM_CONVERSION = YES;
				CLANG_WARN_INFINITE_RECURSION = YES;
				CLANG_WARN_INT_CONVERSION = YES;
				CLANG_WARN_NON_LITERAL_NULL_CONVERSION = YES;
				CLANG_WARN_OBJC_IMPLICIT_RETAIN_SELF = YES;
				CLANG_WARN_OBJC_LITERAL_CONVERSION = YES;
				CLANG_WARN_OBJC_ROOT_CLASS = YES_ERROR;
				CLANG_WARN_QUOTED_INCLUDE_IN_FRAMEWORK_HEADER = YES;
				CLANG_WARN_RANGE_LOOP_ANALYSIS = YES;
				CLANG_WARN_STRICT_PROTOTYPES = YES;
				CLANG_WARN_SUSPICIOUS_MOVE = YES;
				CLANG_WARN_UNGUARDED_AVAILABILITY = YES_AGGRESSIVE;
				CLANG_WARN_UNREACHABLE_CODE = YES;
				CLANG_WARN__DUPLICATE_METHOD_MATCH = YES;
				COPY_PHASE_STRIP = NO;
				DEBUG_INFORMATION_FORMAT = "dwarf-with-dsym";
				ENABLE_NS_ASSERTIONS = NO;
				ENABLE_STRICT_OBJC_MSGSEND = YES;
				ENABLE_USER_SCRIPT_SANDBOXING = YES;
				GCC_C_LANGUAGE_STANDARD = gnu17;
				GCC_NO_COMMON_BLOCKS = YES;
				GCC_WARN_64_TO_32_BIT_CONVERSION = YES;
				GCC_WARN_ABOUT_RETURN_TYPE = YES_ERROR;
				GCC_WARN_UNDECLARED_SELECTOR = YES;
				GCC_WARN_UNINITIALIZED_AUTOS = YES_AGGRESSIVE;
				GCC_WARN_UNUSED_FUNCTION = YES;
				GCC_WARN_UNUSED_VARIABLE = YES;
				IPHONEOS_DEPLOYMENT_TARGET = 17.0;
				LOCALIZATION_PREFERS_STRING_CATALOGS = YES;
				MTL_ENABLE_DEBUG_INFO = NO;
				MTL_FAST_MATH = YES;
				SDKROOT = iphoneos;
				SWIFT_COMPILATION_MODE = wholemodule;
				VALIDATE_PRODUCT = YES;
			};
			name = Release;
		};
		3C5E788A2BC0DC2F005301AE /* Debug */ = {
			isa = XCBuildConfiguration;
			buildSettings = {
				ASSETCATALOG_COMPILER_APPICON_NAME = AppIcon;
				ASSETCATALOG_COMPILER_GLOBAL_ACCENT_COLOR_NAME = AccentColor;
				CODE_SIGN_STYLE = Automatic;
				CURRENT_PROJECT_VERSION = 1;
				DEVELOPMENT_TEAM = GZ86AFRF74;
				GENERATE_INFOPLIST_FILE = YES;
				INFOPLIST_FILE = WaxpeerTest/Info.plist;
				INFOPLIST_KEY_UIApplicationSupportsIndirectInputEvents = YES;
				INFOPLIST_KEY_UILaunchStoryboardName = LaunchScreen;
				INFOPLIST_KEY_UIStatusBarStyle = UIStatusBarStyleDarkContent;
				INFOPLIST_KEY_UISupportedInterfaceOrientations = UIInterfaceOrientationPortrait;
				INFOPLIST_KEY_UIUserInterfaceStyle = Dark;
				LD_RUNPATH_SEARCH_PATHS = (
					"$(inherited)",
					"@executable_path/Frameworks",
				);
				MARKETING_VERSION = 1.0;
				PRODUCT_BUNDLE_IDENTIFIER = com.tairov.test.WaxpeerTest;
				PRODUCT_NAME = "$(TARGET_NAME)";
				SWIFT_EMIT_LOC_STRINGS = YES;
				SWIFT_VERSION = 5.0;
				TARGETED_DEVICE_FAMILY = "1,2";
			};
			name = Debug;
		};
		3C5E788B2BC0DC2F005301AE /* Release */ = {
			isa = XCBuildConfiguration;
			buildSettings = {
				ASSETCATALOG_COMPILER_APPICON_NAME = AppIcon;
				ASSETCATALOG_COMPILER_GLOBAL_ACCENT_COLOR_NAME = AccentColor;
				CODE_SIGN_STYLE = Automatic;
				CURRENT_PROJECT_VERSION = 1;
				DEVELOPMENT_TEAM = GZ86AFRF74;
				GENERATE_INFOPLIST_FILE = YES;
				INFOPLIST_FILE = WaxpeerTest/Info.plist;
				INFOPLIST_KEY_UIApplicationSupportsIndirectInputEvents = YES;
				INFOPLIST_KEY_UILaunchStoryboardName = LaunchScreen;
				INFOPLIST_KEY_UIStatusBarStyle = UIStatusBarStyleDarkContent;
				INFOPLIST_KEY_UISupportedInterfaceOrientations = UIInterfaceOrientationPortrait;
				INFOPLIST_KEY_UIUserInterfaceStyle = Dark;
				LD_RUNPATH_SEARCH_PATHS = (
					"$(inherited)",
					"@executable_path/Frameworks",
				);
				MARKETING_VERSION = 1.0;
				PRODUCT_BUNDLE_IDENTIFIER = com.tairov.test.WaxpeerTest;
				PRODUCT_NAME = "$(TARGET_NAME)";
				SWIFT_EMIT_LOC_STRINGS = YES;
				SWIFT_VERSION = 5.0;
				TARGETED_DEVICE_FAMILY = "1,2";
			};
			name = Release;
		};
/* End XCBuildConfiguration section */

/* Begin XCConfigurationList section */
		3C5E78702BC0DC2E005301AE /* Build configuration list for PBXProject "WaxpeerTest" */ = {
			isa = XCConfigurationList;
			buildConfigurations = (
				3C5E78872BC0DC2F005301AE /* Debug */,
				3C5E78882BC0DC2F005301AE /* Release */,
			);
			defaultConfigurationIsVisible = 0;
			defaultConfigurationName = Release;
		};
		3C5E78892BC0DC2F005301AE /* Build configuration list for PBXNativeTarget "WaxpeerTest" */ = {
			isa = XCConfigurationList;
			buildConfigurations = (
				3C5E788A2BC0DC2F005301AE /* Debug */,
				3C5E788B2BC0DC2F005301AE /* Release */,
			);
			defaultConfigurationIsVisible = 0;
			defaultConfigurationName = Release;
		};
/* End XCConfigurationList section */

/* Begin XCRemoteSwiftPackageReference section */
		3C5E78A92BC1CD86005301AE /* XCRemoteSwiftPackageReference "R" */ = {
			isa = XCRemoteSwiftPackageReference;
			repositoryURL = "https://github.com/mac-cain13/R.swift";
			requirement = {
				kind = upToNextMajorVersion;
				minimumVersion = 7.5.0;
			};
		};
/* End XCRemoteSwiftPackageReference section */

/* Begin XCSwiftPackageProductDependency section */
		3C5E78AA2BC1CD86005301AE /* RswiftLibrary */ = {
			isa = XCSwiftPackageProductDependency;
			package = 3C5E78A92BC1CD86005301AE /* XCRemoteSwiftPackageReference "R" */;
			productName = RswiftLibrary;
		};
		3C5E78AC2BC1CD86005301AE /* rswift */ = {
			isa = XCSwiftPackageProductDependency;
			package = 3C5E78A92BC1CD86005301AE /* XCRemoteSwiftPackageReference "R" */;
			productName = rswift;
		};
		3C5E78AE2BC1E821005301AE /* RswiftGenerateInternalResources */ = {
			isa = XCSwiftPackageProductDependency;
			package = 3C5E78A92BC1CD86005301AE /* XCRemoteSwiftPackageReference "R" */;
			productName = "plugin:RswiftGenerateInternalResources";
		};
/* End XCSwiftPackageProductDependency section */
	};
	rootObject = 3C5E786D2BC0DC2E005301AE /* Project object */;
}
